
Microsoft Visual Studio Solution File, Format Version 12.00
# Visual Studio Version 16
VisualStudioVersion = 16.0.29411.108
MinimumVisualStudioVersion = 10.0.40219.1
Project("{FAE04EC0-301F-11D3-BF4B-00C04F79EFBC}") = "RuneterraCompanion", "RuneterraCompanion\RuneterraCompanion.csproj", "{1CECDCBC-F1EC-42AD-833F-F9973C4A4705}"
EndProject
Global
	GlobalSection(SolutionConfigurationPlatforms) = preSolution
		Debug|Any CPU = Debug|Any CPU
		Release|Any CPU = Release|Any CPU
	EndGlobalSection
	GlobalSection(ProjectConfigurationPlatforms) = postSolution
		{1CECDCBC-F1EC-42AD-833F-F9973C4A4705}.Debug|Any CPU.ActiveCfg = Debug|Any CPU
		{1CECDCBC-F1EC-42AD-833F-F9973C4A4705}.Debug|Any CPU.Build.0 = Debug|Any CPU
		{1CECDCBC-F1EC-42AD-833F-F9973C4A4705}.Release|Any CPU.ActiveCfg = Release|Any CPU
		{1CECDCBC-F1EC-42AD-833F-F9973C4A4705}.Release|Any CPU.Build.0 = Release|Any CPU
	EndGlobalSection
	GlobalSection(SolutionProperties) = preSolution
		HideSolutionNode = FALSE
	EndGlobalSection
	GlobalSection(ExtensibilityGlobals) = postSolution
		SolutionGuid = {9B537ECF-E1C8-440B-8FC4-D87ECA0ED924}
	EndGlobalSection
EndGlobal
